# This file is autogenerated, do not edit; changes may be undone by the next 'dep ensure'.


[[projects]]
  name = "github.com/taskcluster/json-e"
  packages = [
    ".",
    "interpreter",
    "interpreter/prattparser"
  ]
  revision = "e7c5057d292797e63f41e90ae469a1007e1f69bc"
  version = "v2.5.0"

[[projects]]
  branch = "master"
  name = "github.com/wryun/yaml-1"
  packages = ["."]
  revision = "e5213689ab3ec721209263e51f9edf8615d93085"

[[projects]]
  name = "gopkg.in/yaml.v2"
  packages = ["."]
  revision = "5420a8b6744d3b0345ab293f6fcba19c978f1183"
  version = "v2.2.1"

[solve-meta]
  analyzer-name = "dep"
  analyzer-version = 1
  inputs-digest = "c97b204dc73595a050d715ae715d647041d9b069e22e071e5946afc1bd5cf6dc"
  solver-name = "gps-cdcl"
  solver-version = 1
